<?xml version="1.0" encoding="utf-8"?>
<Project ToolsVersion="4.0" xmlns="http://schemas.microsoft.com/developer/msbuild/2003">
  <ItemGroup>
    <Filter Include="Source Files">
      <UniqueIdentifier>{4FC737F1-C7A5-4376-A066-2A32D752A2FF}</UniqueIdentifier>
      <Extensions>cpp;c;cc;cxx;def;odl;idl;hpj;bat;asm;asmx</Extensions>
    </Filter>
    <Filter Include="Header Files">
      <UniqueIdentifier>{93995380-89BD-4b04-88EB-625FBE52EBFB}</UniqueIdentifier>
      <Extensions>h;hh;hpp;hxx;hm;inl;inc;ipp;xsd</Extensions>
    </Filter>
    <Filter Include="Resource Files">
      <UniqueIdentifier>{67DA6AB6-F800-4c08-8B7A-83BB121AAD01}</UniqueIdentifier>
      <Extensions>rc;ico;cur;bmp;dlg;rc2;rct;bin;rgs;gif;jpg;jpeg;jpe;resx;tiff;tif;png;wav;mfcribbon-ms</Extensions>
    </Filter>
  </ItemGroup>
  <ItemGroup>
    <ClCompile Include="fmod_love.cpp">
      <Filter>Source Files</Filter>
    </ClCompile>
  </ItemGroup>
  <ItemGroup>
    <ClInclude Include="lua\inc\lauxlib.h">
      <Filter>Header Files</Filter>
    </ClInclude>
    <ClInclude Include="lua\inc\lua.h">
      <Filter>Header Files</Filter>
    </ClInclude>
    <ClInclude Include="lua\inc\luaconf.h">
      <Filter>Header Files</Filter>
    </ClInclude>
    <ClInclude Include="fmod\inc\fmod.hpp">
      <Filter>Header Files</Filter>
    </ClInclude>
    <ClInclude Include="fmod\inc\fmod_studio.hpp">
      <Filter>Header Files</Filter>
    </ClInclude>
    <ClInclude Include="fmod\inc\fmod.h">
      <Filter>Header Files</Filter>
    </ClInclude>
    <ClInclude Include="fmod\inc\fmod_common.h">
      <Filter>Header Files</Filter>
    </ClInclude>
    <ClInclude Include="fmod\inc\fmod_codec.h">
      <Filter>Header Files</Filter>
    </ClInclude>
    <ClInclude Include="fmod\inc\fmod_dsp.h">
      <Filter>Header Files</Filter>
    </ClInclude>
    <ClInclude Include="fmod\inc\fmod_output.h">
      <Filter>Header Files</Filter>
    </ClInclude>
    <ClInclude Include="fmod\inc\fmod_dsp_effects.h">
      <Filter>Header Files</Filter>
    </ClInclude>
    <ClInclude Include="fmod\inc\fmod_studio.h">
      <Filter>Header Files</Filter>
    </ClInclude>
    <ClInclude Include="fmod\inc\fmod_studio_common.h">
      <Filter>Header Files</Filter>
    </ClInclude>
    <ClInclude Include="resource.h">
      <Filter>Header Files</Filter>
    </ClInclude>
  </ItemGroup>
  <ItemGroup>
    <None Include="fmod\lib\fmod.dll">
      <Filter>Resource Files</Filter>
    </None>
    <None Include="fmod\lib\fmodstudio.dll">
      <Filter>Resource Files</Filter>
    </None>
    <None Include="lua\lib\lua51.dll">
      <Filter>Resource Files</Filter>
    </None>
  </ItemGroup>
  <ItemGroup>
    <Library Include="fmod\lib\fmod_vc.lib">
      <Filter>Resource Files</Filter>
    </Library>
    <Library Include="fmod\lib\fmodstudio_vc.lib">
      <Filter>Resource Files</Filter>
    </Library>
    <Library Include="lua\lib\lua51.lib">
      <Filter>Resource Files</Filter>
    </Library>
  </ItemGroup>
  <ItemGroup>
    <ResourceCompile Include="fmod-love.rc">
      <Filter>Resource Files</Filter>
    </ResourceCompile>
  </ItemGroup>
</Project>